
Microsoft Visual Studio Solution File, Format Version 12.00
# Visual Studio Version 16
VisualStudioVersion = 16.0.28803.202
MinimumVisualStudioVersion = 10.0.40219.1
Project("{FAE04EC0-301F-11D3-BF4B-00C04F79EFBC}") = "TransmitalManager", "TransmitalManager\TransmitalManager.csproj", "{DFADA7AE-F77E-47E9-83E9-B4AC81F76FDC}"
	ProjectSection(ProjectDependencies) = postProject
		{49CCE7A1-AE02-4D97-BBD9-10ECA52775D3} = {49CCE7A1-AE02-4D97-BBD9-10ECA52775D3}
	EndProjectSection
EndProject
Project("{FAE04EC0-301F-11D3-BF4B-00C04F79EFBC}") = "DockingAdapterMVVM", "DockingAdapterMVVM\DockingAdapterMVVM.csproj", "{49CCE7A1-AE02-4D97-BBD9-10ECA52775D3}"
EndProject
Project("{FAE04EC0-301F-11D3-BF4B-00C04F79EFBC}") = "TestApp", "TestApp\TestApp.csproj", "{4D3F0A72-176B-4244-A5BA-C61F8DE2711E}"
EndProject
Project("{FAE04EC0-301F-11D3-BF4B-00C04F79EFBC}") = "PDFsTest", "PDFsTest\PDFsTest.csproj", "{D761B67A-9545-462C-9810-F9499914F704}"
EndProject
Global
	GlobalSection(SolutionConfigurationPlatforms) = preSolution
		Debug|Any CPU = Debug|Any CPU
		Release|Any CPU = Release|Any CPU
	EndGlobalSection
	GlobalSection(ProjectConfigurationPlatforms) = postSolution
		{DFADA7AE-F77E-47E9-83E9-B4AC81F76FDC}.Debug|Any CPU.ActiveCfg = Debug|Any CPU
		{DFADA7AE-F77E-47E9-83E9-B4AC81F76FDC}.Debug|Any CPU.Build.0 = Debug|Any CPU
		{DFADA7AE-F77E-47E9-83E9-B4AC81F76FDC}.Release|Any CPU.ActiveCfg = Release|Any CPU
		{DFADA7AE-F77E-47E9-83E9-B4AC81F76FDC}.Release|Any CPU.Build.0 = Release|Any CPU
		{49CCE7A1-AE02-4D97-BBD9-10ECA52775D3}.Debug|Any CPU.ActiveCfg = Debug|Any CPU
		{49CCE7A1-AE02-4D97-BBD9-10ECA52775D3}.Debug|Any CPU.Build.0 = Debug|Any CPU
		{49CCE7A1-AE02-4D97-BBD9-10ECA52775D3}.Release|Any CPU.ActiveCfg = Release|Any CPU
		{49CCE7A1-AE02-4D97-BBD9-10ECA52775D3}.Release|Any CPU.Build.0 = Release|Any CPU
		{4D3F0A72-176B-4244-A5BA-C61F8DE2711E}.Debug|Any CPU.ActiveCfg = Debug|Any CPU
		{4D3F0A72-176B-4244-A5BA-C61F8DE2711E}.Debug|Any CPU.Build.0 = Debug|Any CPU
		{4D3F0A72-176B-4244-A5BA-C61F8DE2711E}.Release|Any CPU.ActiveCfg = Release|Any CPU
		{4D3F0A72-176B-4244-A5BA-C61F8DE2711E}.Release|Any CPU.Build.0 = Release|Any CPU
		{D761B67A-9545-462C-9810-F9499914F704}.Debug|Any CPU.ActiveCfg = Debug|Any CPU
		{D761B67A-9545-462C-9810-F9499914F704}.Debug|Any CPU.Build.0 = Debug|Any CPU
		{D761B67A-9545-462C-9810-F9499914F704}.Release|Any CPU.ActiveCfg = Release|Any CPU
		{D761B67A-9545-462C-9810-F9499914F704}.Release|Any CPU.Build.0 = Release|Any CPU
	EndGlobalSection
	GlobalSection(SolutionProperties) = preSolution
		HideSolutionNode = FALSE
	EndGlobalSection
	GlobalSection(ExtensibilityGlobals) = postSolution
		SolutionGuid = {0EEAD0DB-684E-4C06-9E53-D01D3EBCC7DD}
	EndGlobalSection
EndGlobal
